# THIS IS AN AUTO-GENERATED FILE; DO NOT MODIFY!
# DO NOT EXCLUDE THIS FILE FROM THE VERSION CONTROL

service:
    name: father-service
    registry: ghcr.io/chill-cloud/father-service
    baseVersion: v1.1.0
    currentVersion: v1.2.0
    stage: production
    integration: dart
    dependencies:
        son-service:
            remote: github.com/chill-cloud/son-service
            version: v1
            specificVersion: v1.0.0
